// !$*UTF8*$!
{
	archiveVersion = 1;
	classes = {
	};
	objectVersion = 51;
	objects = {

/* Begin PBXBuildFile section */
		554E02ED3E5EDBDBCE4CE5E4 /* Pods_UICatalog.framework in Frameworks */ = {isa = PBXBuildFile; fileRef = E3702A40F5AE7B1EC0D455FF /* Pods_UICatalog.framework */; };
		7516D5712549040C005A4F50 /* IrregularCollectionLayoutViewController.swift in Sources */ = {isa = PBXBuildFile; fileRef = 7516D56F2549040C005A4F50 /* IrregularCollectionLayoutViewController.swift */; };
		7516D57625490474005A4F50 /* IrregularCollectionLayoutViewController.storyboard in Resources */ = {isa = PBXBuildFile; fileRef = 7516D57525490474005A4F50 /* IrregularCollectionLayoutViewController.storyboard */; };
		7516D57C254908A1005A4F50 /* IrregularCollectionViewCell.swift in Sources */ = {isa = PBXBuildFile; fileRef = 7516D57A254908A1005A4F50 /* IrregularCollectionViewCell.swift */; };
		7516D57D254908A1005A4F50 /* IrregularCollectionViewCell.xib in Resources */ = {isa = PBXBuildFile; fileRef = 7516D57B254908A1005A4F50 /* IrregularCollectionViewCell.xib */; };
		7516D58125490F0A005A4F50 /* UICollectionView+.swift in Sources */ = {isa = PBXBuildFile; fileRef = 7516D58025490F0A005A4F50 /* UICollectionView+.swift */; };
		756C5066253690670075498E /* UITableView+.swift in Sources */ = {isa = PBXBuildFile; fileRef = 756C5065253690670075498E /* UITableView+.swift */; };
		756C506F253692BE0075498E /* LinerSmallTableCell.swift in Sources */ = {isa = PBXBuildFile; fileRef = 756C506D253692BE0075498E /* LinerSmallTableCell.swift */; };
		756C5070253692BE0075498E /* LinerSmallTableCell.xib in Resources */ = {isa = PBXBuildFile; fileRef = 756C506E253692BE0075498E /* LinerSmallTableCell.xib */; };
		756C5074253694DE0075498E /* LeftLargeTableCell.swift in Sources */ = {isa = PBXBuildFile; fileRef = 756C5072253694DE0075498E /* LeftLargeTableCell.swift */; };
		756C5075253694DE0075498E /* LeftLargeTableCell.xib in Resources */ = {isa = PBXBuildFile; fileRef = 756C5073253694DE0075498E /* LeftLargeTableCell.xib */; };
		75884F532524197F007050C8 /* RegularCollectionLayoutViewController.storyboard in Resources */ = {isa = PBXBuildFile; fileRef = 75884F522524197F007050C8 /* RegularCollectionLayoutViewController.storyboard */; };
		75884F5825241ABA007050C8 /* WEARItemView.swift in Sources */ = {isa = PBXBuildFile; fileRef = 75884F5725241ABA007050C8 /* WEARItemView.swift */; };
		75884F5C25241ACD007050C8 /* WEARItemView.xib in Resources */ = {isa = PBXBuildFile; fileRef = 75884F5B25241ACD007050C8 /* WEARItemView.xib */; };
		75884F6325241B5E007050C8 /* WEARItemFooterView.swift in Sources */ = {isa = PBXBuildFile; fileRef = 75884F6225241B5E007050C8 /* WEARItemFooterView.swift */; };
		75884F6725241B7F007050C8 /* WEARItemFooterView.xib in Resources */ = {isa = PBXBuildFile; fileRef = 75884F6625241B7F007050C8 /* WEARItemFooterView.xib */; };
		75884F6A2524202F007050C8 /* RegularCollectionLayoutViewController.swift in Sources */ = {isa = PBXBuildFile; fileRef = 75884F692524202F007050C8 /* RegularCollectionLayoutViewController.swift */; };
		7591661525187DAE00AFFE41 /* SlideSearchHeaderView.swift in Sources */ = {isa = PBXBuildFile; fileRef = 7591661425187DAE00AFFE41 /* SlideSearchHeaderView.swift */; };
		7591661825187DDB00AFFE41 /* SlideSearchHeaderView.xib in Resources */ = {isa = PBXBuildFile; fileRef = 7591661725187DDB00AFFE41 /* SlideSearchHeaderView.xib */; };
		7591661A2518A3C200AFFE41 /* BaseView.swift in Sources */ = {isa = PBXBuildFile; fileRef = 759166192518A3C200AFFE41 /* BaseView.swift */; };
		7591661C2518A3E100AFFE41 /* Bundle+.swift in Sources */ = {isa = PBXBuildFile; fileRef = 7591661B2518A3E100AFFE41 /* Bundle+.swift */; };
		75B48AD725374344009AAE54 /* RightLargeTableCell.swift in Sources */ = {isa = PBXBuildFile; fileRef = 75B48AD525374344009AAE54 /* RightLargeTableCell.swift */; };
		75B48AD825374344009AAE54 /* RightLargeTableCell.xib in Resources */ = {isa = PBXBuildFile; fileRef = 75B48AD625374344009AAE54 /* RightLargeTableCell.xib */; };
		75BCC3EA2511A0930058F73D /* SearchAnimationViewController.storyboard in Resources */ = {isa = PBXBuildFile; fileRef = 75BCC3E92511A0930058F73D /* SearchAnimationViewController.storyboard */; };
		75BCC3EC2511A1AE0058F73D /* SearchAnimationViewController.swift in Sources */ = {isa = PBXBuildFile; fileRef = 75BCC3EB2511A1AE0058F73D /* SearchAnimationViewController.swift */; };
		75BCC3EF2511A3D10058F73D /* UICatalogNavigationController.swift in Sources */ = {isa = PBXBuildFile; fileRef = 75BCC3EE2511A3D10058F73D /* UICatalogNavigationController.swift */; };
		75DEA7B1253754EA00439EC8 /* UIImageView+.swift in Sources */ = {isa = PBXBuildFile; fileRef = 75DEA7B0253754EA00439EC8 /* UIImageView+.swift */; };
		75F4CFD6251178D000EAF181 /* AppDelegate.swift in Sources */ = {isa = PBXBuildFile; fileRef = 75F4CFD5251178D000EAF181 /* AppDelegate.swift */; };
		75F4CFDF251178D200EAF181 /* Assets.xcassets in Resources */ = {isa = PBXBuildFile; fileRef = 75F4CFDE251178D200EAF181 /* Assets.xcassets */; };
		75F4CFE2251178D200EAF181 /* LaunchScreen.storyboard in Resources */ = {isa = PBXBuildFile; fileRef = 75F4CFE0251178D200EAF181 /* LaunchScreen.storyboard */; };
		75F4CFEC25117A8B00EAF181 /* CatalogMenuViewController.swift in Sources */ = {isa = PBXBuildFile; fileRef = 75F4CFEB25117A8B00EAF181 /* CatalogMenuViewController.swift */; };
		75F4CFEE25117ACF00EAF181 /* CatalogMenuViewController.storyboard in Resources */ = {isa = PBXBuildFile; fileRef = 75F4CFED25117ACF00EAF181 /* CatalogMenuViewController.storyboard */; };
		75F4CFF225117D4300EAF181 /* UIView+.swift in Sources */ = {isa = PBXBuildFile; fileRef = 75F4CFF125117D4300EAF181 /* UIView+.swift */; };
		75F4CFF425117D6900EAF181 /* UIViewController+.swift in Sources */ = {isa = PBXBuildFile; fileRef = 75F4CFF325117D6800EAF181 /* UIViewController+.swift */; };
/* End PBXBuildFile section */

/* Begin PBXFileReference section */
		3FA106CAE5F5A7CE20BF678C /* Pods-UICatalog.release.xcconfig */ = {isa = PBXFileReference; includeInIndex = 1; lastKnownFileType = text.xcconfig; name = "Pods-UICatalog.release.xcconfig"; path = "Target Support Files/Pods-UICatalog/Pods-UICatalog.release.xcconfig"; sourceTree = "<group>"; };
		6F28B0CAE1C89123FAD2F5F6 /* Pods-UICatalog.debug.xcconfig */ = {isa = PBXFileReference; includeInIndex = 1; lastKnownFileType = text.xcconfig; name = "Pods-UICatalog.debug.xcconfig"; path = "Target Support Files/Pods-UICatalog/Pods-UICatalog.debug.xcconfig"; sourceTree = "<group>"; };
		7516D56F2549040C005A4F50 /* IrregularCollectionLayoutViewController.swift */ = {isa = PBXFileReference; lastKnownFileType = sourcecode.swift; path = IrregularCollectionLayoutViewController.swift; sourceTree = "<group>"; };
		7516D57525490474005A4F50 /* IrregularCollectionLayoutViewController.storyboard */ = {isa = PBXFileReference; lastKnownFileType = file.storyboard; path = IrregularCollectionLayoutViewController.storyboard; sourceTree = "<group>"; };
		7516D57A254908A1005A4F50 /* IrregularCollectionViewCell.swift */ = {isa = PBXFileReference; lastKnownFileType = sourcecode.swift; path = IrregularCollectionViewCell.swift; sourceTree = "<group>"; };
		7516D57B254908A1005A4F50 /* IrregularCollectionViewCell.xib */ = {isa = PBXFileReference; lastKnownFileType = file.xib; path = IrregularCollectionViewCell.xib; sourceTree = "<group>"; };
		7516D58025490F0A005A4F50 /* UICollectionView+.swift */ = {isa = PBXFileReference; lastKnownFileType = sourcecode.swift; path = "UICollectionView+.swift"; sourceTree = "<group>"; };
		756C5065253690670075498E /* UITableView+.swift */ = {isa = PBXFileReference; lastKnownFileType = sourcecode.swift; path = "UITableView+.swift"; sourceTree = "<group>"; };
		756C506D253692BE0075498E /* LinerSmallTableCell.swift */ = {isa = PBXFileReference; lastKnownFileType = sourcecode.swift; name = LinerSmallTableCell.swift; path = UICatalog/Views/RegularCollectionLayout/Parts/Cell/LinerSmallTableCell.swift; sourceTree = SOURCE_ROOT; };
		756C506E253692BE0075498E /* LinerSmallTableCell.xib */ = {isa = PBXFileReference; lastKnownFileType = file.xib; name = LinerSmallTableCell.xib; path = UICatalog/Views/RegularCollectionLayout/Parts/Cell/LinerSmallTableCell.xib; sourceTree = SOURCE_ROOT; };
		756C5072253694DE0075498E /* LeftLargeTableCell.swift */ = {isa = PBXFileReference; lastKnownFileType = sourcecode.swift; path = LeftLargeTableCell.swift; sourceTree = "<group>"; };
		756C5073253694DE0075498E /* LeftLargeTableCell.xib */ = {isa = PBXFileReference; lastKnownFileType = file.xib; path = LeftLargeTableCell.xib; sourceTree = "<group>"; };
		75884F522524197F007050C8 /* RegularCollectionLayoutViewController.storyboard */ = {isa = PBXFileReference; lastKnownFileType = file.storyboard; path = RegularCollectionLayoutViewController.storyboard; sourceTree = "<group>"; };
		75884F5725241ABA007050C8 /* WEARItemView.swift */ = {isa = PBXFileReference; lastKnownFileType = sourcecode.swift; path = WEARItemView.swift; sourceTree = "<group>"; };
		75884F5B25241ACD007050C8 /* WEARItemView.xib */ = {isa = PBXFileReference; lastKnownFileType = file.xib; path = WEARItemView.xib; sourceTree = "<group>"; };
		75884F6225241B5E007050C8 /* WEARItemFooterView.swift */ = {isa = PBXFileReference; lastKnownFileType = sourcecode.swift; path = WEARItemFooterView.swift; sourceTree = "<group>"; };
		75884F6625241B7F007050C8 /* WEARItemFooterView.xib */ = {isa = PBXFileReference; lastKnownFileType = file.xib; path = WEARItemFooterView.xib; sourceTree = "<group>"; };
		75884F692524202F007050C8 /* RegularCollectionLayoutViewController.swift */ = {isa = PBXFileReference; lastKnownFileType = sourcecode.swift; path = RegularCollectionLayoutViewController.swift; sourceTree = "<group>"; };
		7591661425187DAE00AFFE41 /* SlideSearchHeaderView.swift */ = {isa = PBXFileReference; lastKnownFileType = sourcecode.swift; path = SlideSearchHeaderView.swift; sourceTree = "<group>"; };
		7591661725187DDB00AFFE41 /* SlideSearchHeaderView.xib */ = {isa = PBXFileReference; lastKnownFileType = file.xib; path = SlideSearchHeaderView.xib; sourceTree = "<group>"; };
		759166192518A3C200AFFE41 /* BaseView.swift */ = {isa = PBXFileReference; lastKnownFileType = sourcecode.swift; path = BaseView.swift; sourceTree = "<group>"; };
		7591661B2518A3E100AFFE41 /* Bundle+.swift */ = {isa = PBXFileReference; lastKnownFileType = sourcecode.swift; path = "Bundle+.swift"; sourceTree = "<group>"; };
		75B48AD525374344009AAE54 /* RightLargeTableCell.swift */ = {isa = PBXFileReference; lastKnownFileType = sourcecode.swift; path = RightLargeTableCell.swift; sourceTree = "<group>"; };
		75B48AD625374344009AAE54 /* RightLargeTableCell.xib */ = {isa = PBXFileReference; lastKnownFileType = file.xib; path = RightLargeTableCell.xib; sourceTree = "<group>"; };
		75BCC3E92511A0930058F73D /* SearchAnimationViewController.storyboard */ = {isa = PBXFileReference; lastKnownFileType = file.storyboard; path = SearchAnimationViewController.storyboard; sourceTree = "<group>"; };
		75BCC3EB2511A1AE0058F73D /* SearchAnimationViewController.swift */ = {isa = PBXFileReference; lastKnownFileType = sourcecode.swift; path = SearchAnimationViewController.swift; sourceTree = "<group>"; };
		75BCC3EE2511A3D10058F73D /* UICatalogNavigationController.swift */ = {isa = PBXFileReference; lastKnownFileType = sourcecode.swift; path = UICatalogNavigationController.swift; sourceTree = "<group>"; };
		75DEA7B0253754EA00439EC8 /* UIImageView+.swift */ = {isa = PBXFileReference; lastKnownFileType = sourcecode.swift; path = "UIImageView+.swift"; sourceTree = "<group>"; };
		75F4CFD2251178D000EAF181 /* UICatalog.app */ = {isa = PBXFileReference; explicitFileType = wrapper.application; includeInIndex = 0; path = UICatalog.app; sourceTree = BUILT_PRODUCTS_DIR; };
		75F4CFD5251178D000EAF181 /* AppDelegate.swift */ = {isa = PBXFileReference; lastKnownFileType = sourcecode.swift; path = AppDelegate.swift; sourceTree = "<group>"; };
		75F4CFDE251178D200EAF181 /* Assets.xcassets */ = {isa = PBXFileReference; lastKnownFileType = folder.assetcatalog; path = Assets.xcassets; sourceTree = "<group>"; };
		75F4CFE1251178D200EAF181 /* Base */ = {isa = PBXFileReference; lastKnownFileType = file.storyboard; name = Base; path = Base.lproj/LaunchScreen.storyboard; sourceTree = "<group>"; };
		75F4CFE3251178D200EAF181 /* Info.plist */ = {isa = PBXFileReference; lastKnownFileType = text.plist.xml; path = Info.plist; sourceTree = "<group>"; };
		75F4CFEB25117A8B00EAF181 /* CatalogMenuViewController.swift */ = {isa = PBXFileReference; lastKnownFileType = sourcecode.swift; path = CatalogMenuViewController.swift; sourceTree = "<group>"; };
		75F4CFED25117ACF00EAF181 /* CatalogMenuViewController.storyboard */ = {isa = PBXFileReference; lastKnownFileType = file.storyboard; path = CatalogMenuViewController.storyboard; sourceTree = "<group>"; };
		75F4CFF125117D4300EAF181 /* UIView+.swift */ = {isa = PBXFileReference; lastKnownFileType = sourcecode.swift; path = "UIView+.swift"; sourceTree = "<group>"; };
		75F4CFF325117D6800EAF181 /* UIViewController+.swift */ = {isa = PBXFileReference; lastKnownFileType = sourcecode.swift; path = "UIViewController+.swift"; sourceTree = "<group>"; };
		E3702A40F5AE7B1EC0D455FF /* Pods_UICatalog.framework */ = {isa = PBXFileReference; explicitFileType = wrapper.framework; includeInIndex = 0; path = Pods_UICatalog.framework; sourceTree = BUILT_PRODUCTS_DIR; };
/* End PBXFileReference section */

/* Begin PBXFrameworksBuildPhase section */
		75F4CFCF251178D000EAF181 /* Frameworks */ = {
			isa = PBXFrameworksBuildPhase;
			buildActionMask = 2147483647;
			files = (
				554E02ED3E5EDBDBCE4CE5E4 /* Pods_UICatalog.framework in Frameworks */,
			);
			runOnlyForDeploymentPostprocessing = 0;
		};
/* End PBXFrameworksBuildPhase section */

/* Begin PBXGroup section */
		7516D56E254903E6005A4F50 /* IrregularCollectionLayout */ = {
			isa = PBXGroup;
			children = (
				7516D57825490867005A4F50 /* Parts */,
				7516D56F2549040C005A4F50 /* IrregularCollectionLayoutViewController.swift */,
				7516D57525490474005A4F50 /* IrregularCollectionLayoutViewController.storyboard */,
			);
			path = IrregularCollectionLayout;
			sourceTree = "<group>";
		};
		7516D57825490867005A4F50 /* Parts */ = {
			isa = PBXGroup;
			children = (
				7516D57925490875005A4F50 /* Cell */,
			);
			path = Parts;
			sourceTree = "<group>";
		};
		7516D57925490875005A4F50 /* Cell */ = {
			isa = PBXGroup;
			children = (
				7516D57A254908A1005A4F50 /* IrregularCollectionViewCell.swift */,
				7516D57B254908A1005A4F50 /* IrregularCollectionViewCell.xib */,
			);
			path = Cell;
			sourceTree = "<group>";
		};
		756C505D25368AFD0075498E /* Cell */ = {
			isa = PBXGroup;
			children = (
				75B48AD425374303009AAE54 /* RightLargeTableCell */,
				756C5071253694AC0075498E /* LeftLargeTableCell */,
				756C505E25368B090075498E /* SmallCell */,
			);
			path = Cell;
			sourceTree = "<group>";
		};
		756C505E25368B090075498E /* SmallCell */ = {
			isa = PBXGroup;
			children = (
				756C506D253692BE0075498E /* LinerSmallTableCell.swift */,
				756C506E253692BE0075498E /* LinerSmallTableCell.xib */,
			);
			path = SmallCell;
			sourceTree = "<group>";
		};
		756C5071253694AC0075498E /* LeftLargeTableCell */ = {
			isa = PBXGroup;
			children = (
				756C5072253694DE0075498E /* LeftLargeTableCell.swift */,
				756C5073253694DE0075498E /* LeftLargeTableCell.xib */,
			);
			path = LeftLargeTableCell;
			sourceTree = "<group>";
		};
		75884F4A25241924007050C8 /* RegularCollectionLayout */ = {
			isa = PBXGroup;
			children = (
				75884F5625241A81007050C8 /* Parts */,
				75884F522524197F007050C8 /* RegularCollectionLayoutViewController.storyboard */,
				75884F692524202F007050C8 /* RegularCollectionLayoutViewController.swift */,
			);
			path = RegularCollectionLayout;
			sourceTree = "<group>";
		};
		75884F5625241A81007050C8 /* Parts */ = {
			isa = PBXGroup;
			children = (
				756C505D25368AFD0075498E /* Cell */,
				75884F5725241ABA007050C8 /* WEARItemView.swift */,
				75884F5B25241ACD007050C8 /* WEARItemView.xib */,
				75884F6225241B5E007050C8 /* WEARItemFooterView.swift */,
				75884F6625241B7F007050C8 /* WEARItemFooterView.xib */,
			);
			path = Parts;
			sourceTree = "<group>";
		};
		7591661325187D9000AFFE41 /* Parts */ = {
			isa = PBXGroup;
			children = (
				7591661625187DB800AFFE41 /* SlideSearchHeaderView */,
			);
			path = Parts;
			sourceTree = "<group>";
		};
		7591661625187DB800AFFE41 /* SlideSearchHeaderView */ = {
			isa = PBXGroup;
			children = (
				7591661425187DAE00AFFE41 /* SlideSearchHeaderView.swift */,
				7591661725187DDB00AFFE41 /* SlideSearchHeaderView.xib */,
			);
			path = SlideSearchHeaderView;
			sourceTree = "<group>";
		};
		75B48AD425374303009AAE54 /* RightLargeTableCell */ = {
			isa = PBXGroup;
			children = (
				75B48AD525374344009AAE54 /* RightLargeTableCell.swift */,
				75B48AD625374344009AAE54 /* RightLargeTableCell.xib */,
			);
			path = RightLargeTableCell;
			sourceTree = "<group>";
		};
		75BCC3E82511A0750058F73D /* SearchAnimation */ = {
			isa = PBXGroup;
			children = (
				7591661325187D9000AFFE41 /* Parts */,
				75BCC3E92511A0930058F73D /* SearchAnimationViewController.storyboard */,
				75BCC3EB2511A1AE0058F73D /* SearchAnimationViewController.swift */,
			);
			path = SearchAnimation;
			sourceTree = "<group>";
		};
		75BCC3ED2511A3BA0058F73D /* NavigationController */ = {
			isa = PBXGroup;
			children = (
				75BCC3EE2511A3D10058F73D /* UICatalogNavigationController.swift */,
			);
			path = NavigationController;
			sourceTree = "<group>";
		};
		75F4CFC9251178D000EAF181 = {
			isa = PBXGroup;
			children = (
				75F4CFD4251178D000EAF181 /* UICatalog */,
				75F4CFD3251178D000EAF181 /* Products */,
				A59BCF14CF715942A208A32C /* Pods */,
				7891784C1C72F204441BB36C /* Frameworks */,
			);
			sourceTree = "<group>";
		};
		75F4CFD3251178D000EAF181 /* Products */ = {
			isa = PBXGroup;
			children = (
				75F4CFD2251178D000EAF181 /* UICatalog.app */,
			);
			name = Products;
			sourceTree = "<group>";
		};
		75F4CFD4251178D000EAF181 /* UICatalog */ = {
			isa = PBXGroup;
			children = (
				75F4CFEF25117D1B00EAF181 /* Utility */,
				75F4CFE925117A3D00EAF181 /* Views */,
				75F4CFD5251178D000EAF181 /* AppDelegate.swift */,
				75F4CFDE251178D200EAF181 /* Assets.xcassets */,
				75F4CFE0251178D200EAF181 /* LaunchScreen.storyboard */,
				75F4CFE3251178D200EAF181 /* Info.plist */,
			);
			path = UICatalog;
			sourceTree = "<group>";
		};
		75F4CFE925117A3D00EAF181 /* Views */ = {
			isa = PBXGroup;
			children = (
				7516D56E254903E6005A4F50 /* IrregularCollectionLayout */,
				75884F4A25241924007050C8 /* RegularCollectionLayout */,
				75BCC3ED2511A3BA0058F73D /* NavigationController */,
				75BCC3E82511A0750058F73D /* SearchAnimation */,
				75F4CFEA25117A6A00EAF181 /* Menu */,
			);
			path = Views;
			sourceTree = "<group>";
		};
		75F4CFEA25117A6A00EAF181 /* Menu */ = {
			isa = PBXGroup;
			children = (
				75F4CFEB25117A8B00EAF181 /* CatalogMenuViewController.swift */,
				75F4CFED25117ACF00EAF181 /* CatalogMenuViewController.storyboard */,
			);
			path = Menu;
			sourceTree = "<group>";
		};
		75F4CFEF25117D1B00EAF181 /* Utility */ = {
			isa = PBXGroup;
			children = (
				75F4CFF025117D2600EAF181 /* Extensions */,
			);
			path = Utility;
			sourceTree = "<group>";
		};
		75F4CFF025117D2600EAF181 /* Extensions */ = {
			isa = PBXGroup;
			children = (
				75F4CFF125117D4300EAF181 /* UIView+.swift */,
				75F4CFF325117D6800EAF181 /* UIViewController+.swift */,
				759166192518A3C200AFFE41 /* BaseView.swift */,
				7591661B2518A3E100AFFE41 /* Bundle+.swift */,
				756C5065253690670075498E /* UITableView+.swift */,
				75DEA7B0253754EA00439EC8 /* UIImageView+.swift */,
				7516D58025490F0A005A4F50 /* UICollectionView+.swift */,
			);
			path = Extensions;
			sourceTree = "<group>";
		};
		7891784C1C72F204441BB36C /* Frameworks */ = {
			isa = PBXGroup;
			children = (
				E3702A40F5AE7B1EC0D455FF /* Pods_UICatalog.framework */,
			);
			name = Frameworks;
			sourceTree = "<group>";
		};
		A59BCF14CF715942A208A32C /* Pods */ = {
			isa = PBXGroup;
			children = (
				6F28B0CAE1C89123FAD2F5F6 /* Pods-UICatalog.debug.xcconfig */,
				3FA106CAE5F5A7CE20BF678C /* Pods-UICatalog.release.xcconfig */,
			);
			path = Pods;
			sourceTree = "<group>";
		};
/* End PBXGroup section */

/* Begin PBXNativeTarget section */
		75F4CFD1251178D000EAF181 /* UICatalog */ = {
			isa = PBXNativeTarget;
			buildConfigurationList = 75F4CFE6251178D200EAF181 /* Build configuration list for PBXNativeTarget "UICatalog" */;
			buildPhases = (
				47BFD61037F4602C970A4EE1 /* [CP] Check Pods Manifest.lock */,
				75F4CFCE251178D000EAF181 /* Sources */,
				75F4CFCF251178D000EAF181 /* Frameworks */,
				75F4CFD0251178D000EAF181 /* Resources */,
				FFF89729D712384F904C768F /* [CP] Embed Pods Frameworks */,
			);
			buildRules = (
			);
			dependencies = (
			);
			name = UICatalog;
			productName = UICatalog;
			productReference = 75F4CFD2251178D000EAF181 /* UICatalog.app */;
			productType = "com.apple.product-type.application";
		};
/* End PBXNativeTarget section */

/* Begin PBXProject section */
		75F4CFCA251178D000EAF181 /* Project object */ = {
			isa = PBXProject;
			attributes = {
				LastSwiftUpdateCheck = 1150;
				LastUpgradeCheck = 1150;
				ORGANIZATIONNAME = ichikawa;
				TargetAttributes = {
					75F4CFD1251178D000EAF181 = {
						CreatedOnToolsVersion = 11.5;
					};
				};
			};
			buildConfigurationList = 75F4CFCD251178D000EAF181 /* Build configuration list for PBXProject "UICatalog" */;
			compatibilityVersion = "Xcode 9.3";
			developmentRegion = en;
			hasScannedForEncodings = 0;
			knownRegions = (
				en,
				Base,
			);
			mainGroup = 75F4CFC9251178D000EAF181;
			productRefGroup = 75F4CFD3251178D000EAF181 /* Products */;
			projectDirPath = "";
			projectRoot = "";
			targets = (
				75F4CFD1251178D000EAF181 /* UICatalog */,
			);
		};
/* End PBXProject section */

/* Begin PBXResourcesBuildPhase section */
		75F4CFD0251178D000EAF181 /* Resources */ = {
			isa = PBXResourcesBuildPhase;
			buildActionMask = 2147483647;
			files = (
				75BCC3EA2511A0930058F73D /* SearchAnimationViewController.storyboard in Resources */,
				756C5070253692BE0075498E /* LinerSmallTableCell.xib in Resources */,
				7516D57D254908A1005A4F50 /* IrregularCollectionViewCell.xib in Resources */,
				75884F5C25241ACD007050C8 /* WEARItemView.xib in Resources */,
				75F4CFEE25117ACF00EAF181 /* CatalogMenuViewController.storyboard in Resources */,
				75F4CFE2251178D200EAF181 /* LaunchScreen.storyboard in Resources */,
				756C5075253694DE0075498E /* LeftLargeTableCell.xib in Resources */,
				7591661825187DDB00AFFE41 /* SlideSearchHeaderView.xib in Resources */,
				7516D57625490474005A4F50 /* IrregularCollectionLayoutViewController.storyboard in Resources */,
				75B48AD825374344009AAE54 /* RightLargeTableCell.xib in Resources */,
				75884F532524197F007050C8 /* RegularCollectionLayoutViewController.storyboard in Resources */,
				75F4CFDF251178D200EAF181 /* Assets.xcassets in Resources */,
				75884F6725241B7F007050C8 /* WEARItemFooterView.xib in Resources */,
			);
			runOnlyForDeploymentPostprocessing = 0;
		};
/* End PBXResourcesBuildPhase section */

/* Begin PBXShellScriptBuildPhase section */
		47BFD61037F4602C970A4EE1 /* [CP] Check Pods Manifest.lock */ = {
			isa = PBXShellScriptBuildPhase;
			buildActionMask = 2147483647;
			files = (
			);
			inputFileListPaths = (
			);
			inputPaths = (
				"${PODS_PODFILE_DIR_PATH}/Podfile.lock",
				"${PODS_ROOT}/Manifest.lock",
			);
			name = "[CP] Check Pods Manifest.lock";
			outputFileListPaths = (
			);
			outputPaths = (
				"$(DERIVED_FILE_DIR)/Pods-UICatalog-checkManifestLockResult.txt",
			);
			runOnlyForDeploymentPostprocessing = 0;
			shellPath = /bin/sh;
			shellScript = "diff \"${PODS_PODFILE_DIR_PATH}/Podfile.lock\" \"${PODS_ROOT}/Manifest.lock\" > /dev/null\nif [ $? != 0 ] ; then\n    # print error to STDERR\n    echo \"error: The sandbox is not in sync with the Podfile.lock. Run 'pod install' or update your CocoaPods installation.\" >&2\n    exit 1\nfi\n# This output is used by Xcode 'outputs' to avoid re-running this script phase.\necho \"SUCCESS\" > \"${SCRIPT_OUTPUT_FILE_0}\"\n";
			showEnvVarsInLog = 0;
		};
		FFF89729D712384F904C768F /* [CP] Embed Pods Frameworks */ = {
			isa = PBXShellScriptBuildPhase;
			buildActionMask = 2147483647;
			files = (
			);
			inputFileListPaths = (
				"${PODS_ROOT}/Target Support Files/Pods-UICatalog/Pods-UICatalog-frameworks-${CONFIGURATION}-input-files.xcfilelist",
			);
			name = "[CP] Embed Pods Frameworks";
			outputFileListPaths = (
				"${PODS_ROOT}/Target Support Files/Pods-UICatalog/Pods-UICatalog-frameworks-${CONFIGURATION}-output-files.xcfilelist",
			);
			runOnlyForDeploymentPostprocessing = 0;
			shellPath = /bin/sh;
			shellScript = "\"${PODS_ROOT}/Target Support Files/Pods-UICatalog/Pods-UICatalog-frameworks.sh\"\n";
			showEnvVarsInLog = 0;
		};
/* End PBXShellScriptBuildPhase section */

/* Begin PBXSourcesBuildPhase section */
		75F4CFCE251178D000EAF181 /* Sources */ = {
			isa = PBXSourcesBuildPhase;
			buildActionMask = 2147483647;
			files = (
				75F4CFF225117D4300EAF181 /* UIView+.swift in Sources */,
				75BCC3EF2511A3D10058F73D /* UICatalogNavigationController.swift in Sources */,
				75F4CFF425117D6900EAF181 /* UIViewController+.swift in Sources */,
				756C5066253690670075498E /* UITableView+.swift in Sources */,
				756C506F253692BE0075498E /* LinerSmallTableCell.swift in Sources */,
				75B48AD725374344009AAE54 /* RightLargeTableCell.swift in Sources */,
				75DEA7B1253754EA00439EC8 /* UIImageView+.swift in Sources */,
				75884F6325241B5E007050C8 /* WEARItemFooterView.swift in Sources */,
				7516D5712549040C005A4F50 /* IrregularCollectionLayoutViewController.swift in Sources */,
				75884F6A2524202F007050C8 /* RegularCollectionLayoutViewController.swift in Sources */,
				75F4CFD6251178D000EAF181 /* AppDelegate.swift in Sources */,
				7516D57C254908A1005A4F50 /* IrregularCollectionViewCell.swift in Sources */,
				75F4CFEC25117A8B00EAF181 /* CatalogMenuViewController.swift in Sources */,
				7591661525187DAE00AFFE41 /* SlideSearchHeaderView.swift in Sources */,
				7516D58125490F0A005A4F50 /* UICollectionView+.swift in Sources */,
				75884F5825241ABA007050C8 /* WEARItemView.swift in Sources */,
				7591661C2518A3E100AFFE41 /* Bundle+.swift in Sources */,
				756C5074253694DE0075498E /* LeftLargeTableCell.swift in Sources */,
				75BCC3EC2511A1AE0058F73D /* SearchAnimationViewController.swift in Sources */,
				7591661A2518A3C200AFFE41 /* BaseView.swift in Sources */,
			);
			runOnlyForDeploymentPostprocessing = 0;
		};
/* End PBXSourcesBuildPhase section */

/* Begin PBXVariantGroup section */
		75F4CFE0251178D200EAF181 /* LaunchScreen.storyboard */ = {
			isa = PBXVariantGroup;
			children = (
				75F4CFE1251178D200EAF181 /* Base */,
			);
			name = LaunchScreen.storyboard;
			sourceTree = "<group>";
		};
/* End PBXVariantGroup section */

/* Begin XCBuildConfiguration section */
		75F4CFE4251178D200EAF181 /* Debug */ = {
			isa = XCBuildConfiguration;
			buildSettings = {
				ALWAYS_SEARCH_USER_PATHS = NO;
				CLANG_ANALYZER_NONNULL = YES;
				CLANG_ANALYZER_NUMBER_OBJECT_CONVERSION = YES_AGGRESSIVE;
				CLANG_CXX_LANGUAGE_STANDARD = "gnu++14";
				CLANG_CXX_LIBRARY = "libc++";
				CLANG_ENABLE_MODULES = YES;
				CLANG_ENABLE_OBJC_ARC = YES;
				CLANG_ENABLE_OBJC_WEAK = YES;
				CLANG_WARN_BLOCK_CAPTURE_AUTORELEASING = YES;
				CLANG_WARN_BOOL_CONVERSION = YES;
				CLANG_WARN_COMMA = YES;
				CLANG_WARN_CONSTANT_CONVERSION = YES;
				CLANG_WARN_DEPRECATED_OBJC_IMPLEMENTATIONS = YES;
				CLANG_WARN_DIRECT_OBJC_ISA_USAGE = YES_ERROR;
				CLANG_WARN_DOCUMENTATION_COMMENTS = YES;
				CLANG_WARN_EMPTY_BODY = YES;
				CLANG_WARN_ENUM_CONVERSION = YES;
				CLANG_WARN_INFINITE_RECURSION = YES;
				CLANG_WARN_INT_CONVERSION = YES;
				CLANG_WARN_NON_LITERAL_NULL_CONVERSION = YES;
				CLANG_WARN_OBJC_IMPLICIT_RETAIN_SELF = YES;
				CLANG_WARN_OBJC_LITERAL_CONVERSION = YES;
				CLANG_WARN_OBJC_ROOT_CLASS = YES_ERROR;
				CLANG_WARN_RANGE_LOOP_ANALYSIS = YES;
				CLANG_WARN_STRICT_PROTOTYPES = YES;
				CLANG_WARN_SUSPICIOUS_MOVE = YES;
				CLANG_WARN_UNGUARDED_AVAILABILITY = YES_AGGRESSIVE;
				CLANG_WARN_UNREACHABLE_CODE = YES;
				CLANG_WARN__DUPLICATE_METHOD_MATCH = YES;
				COPY_PHASE_STRIP = NO;
				DEBUG_INFORMATION_FORMAT = dwarf;
				ENABLE_STRICT_OBJC_MSGSEND = YES;
				ENABLE_TESTABILITY = YES;
				GCC_C_LANGUAGE_STANDARD = gnu11;
				GCC_DYNAMIC_NO_PIC = NO;
				GCC_NO_COMMON_BLOCKS = YES;
				GCC_OPTIMIZATION_LEVEL = 0;
				GCC_PREPROCESSOR_DEFINITIONS = (
					"DEBUG=1",
					"$(inherited)",
				);
				GCC_WARN_64_TO_32_BIT_CONVERSION = YES;
				GCC_WARN_ABOUT_RETURN_TYPE = YES_ERROR;
				GCC_WARN_UNDECLARED_SELECTOR = YES;
				GCC_WARN_UNINITIALIZED_AUTOS = YES_AGGRESSIVE;
				GCC_WARN_UNUSED_FUNCTION = YES;
				GCC_WARN_UNUSED_VARIABLE = YES;
				IPHONEOS_DEPLOYMENT_TARGET = 13.5;
				MTL_ENABLE_DEBUG_INFO = INCLUDE_SOURCE;
				MTL_FAST_MATH = YES;
				ONLY_ACTIVE_ARCH = YES;
				SDKROOT = iphoneos;
				SWIFT_ACTIVE_COMPILATION_CONDITIONS = DEBUG;
				SWIFT_OPTIMIZATION_LEVEL = "-Onone";
			};
			name = Debug;
		};
		75F4CFE5251178D200EAF181 /* Release */ = {
			isa = XCBuildConfiguration;
			buildSettings = {
				ALWAYS_SEARCH_USER_PATHS = NO;
				CLANG_ANALYZER_NONNULL = YES;
				CLANG_ANALYZER_NUMBER_OBJECT_CONVERSION = YES_AGGRESSIVE;
				CLANG_CXX_LANGUAGE_STANDARD = "gnu++14";
				CLANG_CXX_LIBRARY = "libc++";
				CLANG_ENABLE_MODULES = YES;
				CLANG_ENABLE_OBJC_ARC = YES;
				CLANG_ENABLE_OBJC_WEAK = YES;
				CLANG_WARN_BLOCK_CAPTURE_AUTORELEASING = YES;
				CLANG_WARN_BOOL_CONVERSION = YES;
				CLANG_WARN_COMMA = YES;
				CLANG_WARN_CONSTANT_CONVERSION = YES;
				CLANG_WARN_DEPRECATED_OBJC_IMPLEMENTATIONS = YES;
				CLANG_WARN_DIRECT_OBJC_ISA_USAGE = YES_ERROR;
				CLANG_WARN_DOCUMENTATION_COMMENTS = YES;
				CLANG_WARN_EMPTY_BODY = YES;
				CLANG_WARN_ENUM_CONVERSION = YES;
				CLANG_WARN_INFINITE_RECURSION = YES;
				CLANG_WARN_INT_CONVERSION = YES;
				CLANG_WARN_NON_LITERAL_NULL_CONVERSION = YES;
				CLANG_WARN_OBJC_IMPLICIT_RETAIN_SELF = YES;
				CLANG_WARN_OBJC_LITERAL_CONVERSION = YES;
				CLANG_WARN_OBJC_ROOT_CLASS = YES_ERROR;
				CLANG_WARN_RANGE_LOOP_ANALYSIS = YES;
				CLANG_WARN_STRICT_PROTOTYPES = YES;
				CLANG_WARN_SUSPICIOUS_MOVE = YES;
				CLANG_WARN_UNGUARDED_AVAILABILITY = YES_AGGRESSIVE;
				CLANG_WARN_UNREACHABLE_CODE = YES;
				CLANG_WARN__DUPLICATE_METHOD_MATCH = YES;
				COPY_PHASE_STRIP = NO;
				DEBUG_INFORMATION_FORMAT = "dwarf-with-dsym";
				ENABLE_NS_ASSERTIONS = NO;
				ENABLE_STRICT_OBJC_MSGSEND = YES;
				GCC_C_LANGUAGE_STANDARD = gnu11;
				GCC_NO_COMMON_BLOCKS = YES;
				GCC_WARN_64_TO_32_BIT_CONVERSION = YES;
				GCC_WARN_ABOUT_RETURN_TYPE = YES_ERROR;
				GCC_WARN_UNDECLARED_SELECTOR = YES;
				GCC_WARN_UNINITIALIZED_AUTOS = YES_AGGRESSIVE;
				GCC_WARN_UNUSED_FUNCTION = YES;
				GCC_WARN_UNUSED_VARIABLE = YES;
				IPHONEOS_DEPLOYMENT_TARGET = 13.5;
				MTL_ENABLE_DEBUG_INFO = NO;
				MTL_FAST_MATH = YES;
				SDKROOT = iphoneos;
				SWIFT_COMPILATION_MODE = wholemodule;
				SWIFT_OPTIMIZATION_LEVEL = "-O";
				VALIDATE_PRODUCT = YES;
			};
			name = Release;
		};
		75F4CFE7251178D200EAF181 /* Debug */ = {
			isa = XCBuildConfiguration;
			baseConfigurationReference = 6F28B0CAE1C89123FAD2F5F6 /* Pods-UICatalog.debug.xcconfig */;
			buildSettings = {
				ASSETCATALOG_COMPILER_APPICON_NAME = AppIcon;
				CODE_SIGN_STYLE = Automatic;
				DEVELOPMENT_TEAM = SKD58BVR64;
				INFOPLIST_FILE = UICatalog/Info.plist;
				LD_RUNPATH_SEARCH_PATHS = (
					"$(inherited)",
					"@executable_path/Frameworks",
				);
				PRODUCT_BUNDLE_IDENTIFIER = com.UICatalog;
				PRODUCT_NAME = "$(TARGET_NAME)";
				SWIFT_VERSION = 5.0;
				TARGETED_DEVICE_FAMILY = "1,2";
			};
			name = Debug;
		};
		75F4CFE8251178D200EAF181 /* Release */ = {
			isa = XCBuildConfiguration;
			baseConfigurationReference = 3FA106CAE5F5A7CE20BF678C /* Pods-UICatalog.release.xcconfig */;
			buildSettings = {
				ASSETCATALOG_COMPILER_APPICON_NAME = AppIcon;
				CODE_SIGN_STYLE = Automatic;
				DEVELOPMENT_TEAM = SKD58BVR64;
				INFOPLIST_FILE = UICatalog/Info.plist;
				LD_RUNPATH_SEARCH_PATHS = (
					"$(inherited)",
					"@executable_path/Frameworks",
				);
				PRODUCT_BUNDLE_IDENTIFIER = com.UICatalog;
				PRODUCT_NAME = "$(TARGET_NAME)";
				SWIFT_VERSION = 5.0;
				TARGETED_DEVICE_FAMILY = "1,2";
			};
			name = Release;
		};
/* End XCBuildConfiguration section */

/* Begin XCConfigurationList section */
		75F4CFCD251178D000EAF181 /* Build configuration list for PBXProject "UICatalog" */ = {
			isa = XCConfigurationList;
			buildConfigurations = (
				75F4CFE4251178D200EAF181 /* Debug */,
				75F4CFE5251178D200EAF181 /* Release */,
			);
			defaultConfigurationIsVisible = 0;
			defaultConfigurationName = Release;
		};
		75F4CFE6251178D200EAF181 /* Build configuration list for PBXNativeTarget "UICatalog" */ = {
			isa = XCConfigurationList;
			buildConfigurations = (
				75F4CFE7251178D200EAF181 /* Debug */,
				75F4CFE8251178D200EAF181 /* Release */,
			);
			defaultConfigurationIsVisible = 0;
			defaultConfigurationName = Release;
		};
/* End XCConfigurationList section */
	};
	rootObject = 75F4CFCA251178D000EAF181 /* Project object */;
}
